
Microsoft Visual Studio Solution File, Format Version 12.00
# Visual Studio Version 17
VisualStudioVersion = 17.14.36429.23 d17.14
MinimumVisualStudioVersion = 10.0.40219.1
Project("{2150E333-8FDC-42A3-9474-1A3956D46DE8}") = "Task0", "Task0", "{02EA681E-C7D8-13C7-8484-4AC65E1B71E8}"
EndProject
Project("{2150E333-8FDC-42A3-9474-1A3956D46DE8}") = "Task1", "Task1", "{FF70CD52-FD03-4D84-988E-4AD0F630B045}"
EndProject
Project("{2150E333-8FDC-42A3-9474-1A3956D46DE8}") = "Task2", "Task2", "{621D4C2E-1FE6-4BE6-B94C-F657DF331F0E}"
EndProject
Project("{2150E333-8FDC-42A3-9474-1A3956D46DE8}") = "Task3", "Task3", "{0FEDD89A-4ED6-4386-8D60-D2F0D98859CE}"
EndProject
Project("{2150E333-8FDC-42A3-9474-1A3956D46DE8}") = "Task4", "Task4", "{0686D3A0-FE0B-49FF-99F7-050A05A50B48}"
EndProject
Project("{2150E333-8FDC-42A3-9474-1A3956D46DE8}") = "Task5", "Task5", "{EAE1F8A3-2733-4C44-A942-97AD7A510CA5}"
EndProject
Project("{2150E333-8FDC-42A3-9474-1A3956D46DE8}") = "Task6", "Task6", "{2B006B3A-12F8-4E0F-ADED-F2153F6D4693}"
EndProject
Project("{2150E333-8FDC-42A3-9474-1A3956D46DE8}") = "Task7", "Task7", "{7AFEA613-EFC3-4548-91AF-FD0C58DC9F93}"
EndProject
Project("{FAE04EC0-301F-11D3-BF4B-00C04F79EFBC}") = "Tyuiu.DevyatovEV.Sprint4.Task0.V29", "Tyuiu.DevyatovEV.Sprint4.Task0.V29\Tyuiu.DevyatovEV.Sprint4.Task0.V29.csproj", "{8C8A0F83-68C4-4466-9796-2DAF11C3F933}"
EndProject
Project("{FAE04EC0-301F-11D3-BF4B-00C04F79EFBC}") = "Tyuiu.DevyatovEV.Sprint4.Task0.V29.Lib", "Tyuiu.DevyatovEV.Sprint4.Task0.V29.Lib\Tyuiu.DevyatovEV.Sprint4.Task0.V29.Lib.csproj", "{5DE2C905-1D50-4EBF-BCAD-CEDF28049F2C}"
EndProject
Project("{FAE04EC0-301F-11D3-BF4B-00C04F79EFBC}") = "Tyuiu.DevyatovEV.Sprint4.Task0.V29.Test", "Tyuiu.DevyatovEV.Sprint4.Task0.V29.Test\Tyuiu.DevyatovEV.Sprint4.Task0.V29.Test.csproj", "{069229C7-1B4D-4D80-B4B3-84226CCD8DBA}"
EndProject
Project("{FAE04EC0-301F-11D3-BF4B-00C04F79EFBC}") = "Tyuiu.DevyatovEV.Sprint4.Task1.V4", "Tyuiu.DevyatovEV.Sprint4.Task1.V4\Tyuiu.DevyatovEV.Sprint4.Task1.V4.csproj", "{43393C3B-1628-4FB8-80BC-062F88B84661}"
EndProject
Project("{FAE04EC0-301F-11D3-BF4B-00C04F79EFBC}") = "Tyuiu.DevyatovEV.Sprint4.Task1.V4.Lib", "Tyuiu.DevyatovEV.Sprint4.Task1.V4.Lib\Tyuiu.DevyatovEV.Sprint4.Task1.V4.Lib.csproj", "{FD77EF87-BEE6-48B4-84AB-2182B5E28172}"
EndProject
Project("{FAE04EC0-301F-11D3-BF4B-00C04F79EFBC}") = "Tyuiu.DevyatovEV.Sprint4.Task1.V4.Test", "Tyuiu.DevyatovEV.Sprint4.Task1.V4.Test\Tyuiu.DevyatovEV.Sprint4.Task1.V4.Test.csproj", "{3C182D02-85E7-47AD-8559-6F09C77080CC}"
EndProject
Project("{FAE04EC0-301F-11D3-BF4B-00C04F79EFBC}") = "Tyuiu.DevyatovEV.Sprint4.Task2.V29", "Tyuiu.DevyatovEV.Sprint4.Task2.V29\Tyuiu.DevyatovEV.Sprint4.Task2.V29.csproj", "{90DCAE80-3BC4-42A8-874F-2C0914DD6A11}"
EndProject
Project("{FAE04EC0-301F-11D3-BF4B-00C04F79EFBC}") = "Tyuiu.DevyatovEV.Sprint4.Task2.V29.Lib", "Tyuiu.DevyatovEV.Sprint4.Task2.V29.Lib\Tyuiu.DevyatovEV.Sprint4.Task2.V29.Lib.csproj", "{605249A3-4F41-437D-82D2-F57B51B3059B}"
EndProject
Project("{FAE04EC0-301F-11D3-BF4B-00C04F79EFBC}") = "Tyuiu.DevyatovEV.Sprint4.Task2.V29.Test", "Tyuiu.DevyatovEV.Sprint4.Task2.V29.Test\Tyuiu.DevyatovEV.Sprint4.Task2.V29.Test.csproj", "{FAFE09BA-06AE-400C-B75C-0664D78F9977}"
EndProject
Project("{FAE04EC0-301F-11D3-BF4B-00C04F79EFBC}") = "Tyuiu.DevyatovEV.Sprint4.Task3.V10", "Tyuiu.DevyatovEV.Sprint4.Task3.V10\Tyuiu.DevyatovEV.Sprint4.Task3.V10.csproj", "{74BA68F7-FAAC-469A-9BE1-085840BE68A7}"
EndProject
Project("{FAE04EC0-301F-11D3-BF4B-00C04F79EFBC}") = "Tyuiu.DevyatovEV.Sprint4.Task3.V10.Lib", "Tyuiu.DevyatovEV.Sprint4.Task3.V10.Lib\Tyuiu.DevyatovEV.Sprint4.Task3.V10.Lib.csproj", "{61336587-DFD9-4E31-9FFE-206B80AEFBA2}"
EndProject
Project("{FAE04EC0-301F-11D3-BF4B-00C04F79EFBC}") = "Tyuiu.DevyatovEV.Sprint4.Task3.V10.Test", "Tyuiu.DevyatovEV.Sprint4.Task3.V10.Test\Tyuiu.DevyatovEV.Sprint4.Task3.V10.Test.csproj", "{5023C1D6-FA53-41BA-8915-4BEE2648325C}"
EndProject
Project("{FAE04EC0-301F-11D3-BF4B-00C04F79EFBC}") = "Tyuiu.DevyatovEV.Sprint4.Task4.V12", "Tyuiu.DevyatovEV.Sprint4.Task4.V12\Tyuiu.DevyatovEV.Sprint4.Task4.V12.csproj", "{DAE9A767-A932-4913-983B-B61D34E4F23E}"
EndProject
Project("{FAE04EC0-301F-11D3-BF4B-00C04F79EFBC}") = "Tyuiu.DevyatovEV.Sprint4.Task4.V12.Lib", "Tyuiu.DevyatovEV.Sprint4.Task4.V12.Lib\Tyuiu.DevyatovEV.Sprint4.Task4.V12.Lib.csproj", "{BA1EA621-10B5-4A94-8429-E6EA7BB09A50}"
EndProject
Project("{FAE04EC0-301F-11D3-BF4B-00C04F79EFBC}") = "Tyuiu.DevyatovEV.Sprint4.Task4.V12.Test", "Tyuiu.DevyatovEV.Sprint4.Task4.V12.Test\Tyuiu.DevyatovEV.Sprint4.Task4.V12.Test.csproj", "{52F5D4AE-5EB6-4EC6-9D79-89BDAE866AF6}"
EndProject
Project("{FAE04EC0-301F-11D3-BF4B-00C04F79EFBC}") = "Tyuiu.DevyatovEV.Sprint4.Task5.V25", "Tyuiu.DevyatovEV.Sprint4.Task5.V25\Tyuiu.DevyatovEV.Sprint4.Task5.V25.csproj", "{BD0FF4EA-F7F0-403F-B44F-D1C17FB8C5EF}"
EndProject
Project("{FAE04EC0-301F-11D3-BF4B-00C04F79EFBC}") = "Tyuiu.DevyatovEV.Sprint4.Task5.V25.Lib", "Tyuiu.DevyatovEV.Sprint4.Task5.V25.Lib\Tyuiu.DevyatovEV.Sprint4.Task5.V25.Lib.csproj", "{32375F9C-9077-4CB6-8ECC-858F26E13D04}"
EndProject
Project("{FAE04EC0-301F-11D3-BF4B-00C04F79EFBC}") = "Tyuiu.DevyatovEV.Sprint4.Task5.V25.Test", "Tyuiu.DevyatovEV.Sprint4.Task5.V25.Test\Tyuiu.DevyatovEV.Sprint4.Task5.V25.Test.csproj", "{5F85A716-A772-4110-AA4A-6558971878C3}"
EndProject
Project("{FAE04EC0-301F-11D3-BF4B-00C04F79EFBC}") = "Tyuiu.DevyatovEV.Sprint4.Task6.V16", "Tyuiu.DevyatovEV.Sprint4.Task6.V16\Tyuiu.DevyatovEV.Sprint4.Task6.V16.csproj", "{1CF9A3A1-6456-4CFD-AFFD-313AE4B557AF}"
EndProject
Project("{FAE04EC0-301F-11D3-BF4B-00C04F79EFBC}") = "Tyuiu.DevyatovEV.Sprint4.Task6.V16.Lib", "Tyuiu.DevyatovEV.Sprint4.Task6.V16.Lib\Tyuiu.DevyatovEV.Sprint4.Task6.V16.Lib.csproj", "{2E3174FB-4CF5-4947-B3FF-AAF87C6AFE21}"
EndProject
Project("{FAE04EC0-301F-11D3-BF4B-00C04F79EFBC}") = "Tyuiu.DevyatovEV.Sprint4.Task6.V16.Test", "Tyuiu.DevyatovEV.Sprint4.Task6.V16.Test\Tyuiu.DevyatovEV.Sprint4.Task6.V16.Test.csproj", "{99B020AD-6135-43E0-9725-CCAC1446FFD8}"
EndProject
Project("{FAE04EC0-301F-11D3-BF4B-00C04F79EFBC}") = "Tyuiu.DevyatovEV.Sprint4.Task7.V3", "Tyuiu.DevyatovEV.Sprint4.Task7.V3\Tyuiu.DevyatovEV.Sprint4.Task7.V3.csproj", "{DE9F4017-7550-4463-86DD-54DEC0B8A4B7}"
EndProject
Project("{FAE04EC0-301F-11D3-BF4B-00C04F79EFBC}") = "Tyuiu.DevyatovEV.Sprint4.Task7.V3.Lib", "Tyuiu.DevyatovEV.Sprint4.Task7.V3.Lib\Tyuiu.DevyatovEV.Sprint4.Task7.V3.Lib.csproj", "{A8C1ED8E-AC27-444C-B1CC-8B834B640CDC}"
EndProject
Project("{FAE04EC0-301F-11D3-BF4B-00C04F79EFBC}") = "Tyuiu.DevyatovEV.Sprint4.Task7.V3.Test", "Tyuiu.DevyatovEV.Sprint4.Task7.V3.Test\Tyuiu.DevyatovEV.Sprint4.Task7.V3.Test.csproj", "{2C935123-B48E-439B-A19B-FF83A9D618A7}"
EndProject
Global
	GlobalSection(SolutionConfigurationPlatforms) = preSolution
		Debug|Any CPU = Debug|Any CPU
		Release|Any CPU = Release|Any CPU
	EndGlobalSection
	GlobalSection(ProjectConfigurationPlatforms) = postSolution
		{8C8A0F83-68C4-4466-9796-2DAF11C3F933}.Debug|Any CPU.ActiveCfg = Debug|Any CPU
		{8C8A0F83-68C4-4466-9796-2DAF11C3F933}.Debug|Any CPU.Build.0 = Debug|Any CPU
		{8C8A0F83-68C4-4466-9796-2DAF11C3F933}.Release|Any CPU.ActiveCfg = Release|Any CPU
		{8C8A0F83-68C4-4466-9796-2DAF11C3F933}.Release|Any CPU.Build.0 = Release|Any CPU
		{5DE2C905-1D50-4EBF-BCAD-CEDF28049F2C}.Debug|Any CPU.ActiveCfg = Debug|Any CPU
		{5DE2C905-1D50-4EBF-BCAD-CEDF28049F2C}.Debug|Any CPU.Build.0 = Debug|Any CPU
		{5DE2C905-1D50-4EBF-BCAD-CEDF28049F2C}.Release|Any CPU.ActiveCfg = Release|Any CPU
		{5DE2C905-1D50-4EBF-BCAD-CEDF28049F2C}.Release|Any CPU.Build.0 = Release|Any CPU
		{069229C7-1B4D-4D80-B4B3-84226CCD8DBA}.Debug|Any CPU.ActiveCfg = Debug|Any CPU
		{069229C7-1B4D-4D80-B4B3-84226CCD8DBA}.Debug|Any CPU.Build.0 = Debug|Any CPU
		{069229C7-1B4D-4D80-B4B3-84226CCD8DBA}.Release|Any CPU.ActiveCfg = Release|Any CPU
		{069229C7-1B4D-4D80-B4B3-84226CCD8DBA}.Release|Any CPU.Build.0 = Release|Any CPU
		{43393C3B-1628-4FB8-80BC-062F88B84661}.Debug|Any CPU.ActiveCfg = Debug|Any CPU
		{43393C3B-1628-4FB8-80BC-062F88B84661}.Debug|Any CPU.Build.0 = Debug|Any CPU
		{43393C3B-1628-4FB8-80BC-062F88B84661}.Release|Any CPU.ActiveCfg = Release|Any CPU
		{43393C3B-1628-4FB8-80BC-062F88B84661}.Release|Any CPU.Build.0 = Release|Any CPU
		{FD77EF87-BEE6-48B4-84AB-2182B5E28172}.Debug|Any CPU.ActiveCfg = Debug|Any CPU
		{FD77EF87-BEE6-48B4-84AB-2182B5E28172}.Debug|Any CPU.Build.0 = Debug|Any CPU
		{FD77EF87-BEE6-48B4-84AB-2182B5E28172}.Release|Any CPU.ActiveCfg = Release|Any CPU
		{FD77EF87-BEE6-48B4-84AB-2182B5E28172}.Release|Any CPU.Build.0 = Release|Any CPU
		{3C182D02-85E7-47AD-8559-6F09C77080CC}.Debug|Any CPU.ActiveCfg = Debug|Any CPU
		{3C182D02-85E7-47AD-8559-6F09C77080CC}.Debug|Any CPU.Build.0 = Debug|Any CPU
		{3C182D02-85E7-47AD-8559-6F09C77080CC}.Release|Any CPU.ActiveCfg = Release|Any CPU
		{3C182D02-85E7-47AD-8559-6F09C77080CC}.Release|Any CPU.Build.0 = Release|Any CPU
		{90DCAE80-3BC4-42A8-874F-2C0914DD6A11}.Debug|Any CPU.ActiveCfg = Debug|Any CPU
		{90DCAE80-3BC4-42A8-874F-2C0914DD6A11}.Debug|Any CPU.Build.0 = Debug|Any CPU
		{90DCAE80-3BC4-42A8-874F-2C0914DD6A11}.Release|Any CPU.ActiveCfg = Release|Any CPU
		{90DCAE80-3BC4-42A8-874F-2C0914DD6A11}.Release|Any CPU.Build.0 = Release|Any CPU
		{605249A3-4F41-437D-82D2-F57B51B3059B}.Debug|Any CPU.ActiveCfg = Debug|Any CPU
		{605249A3-4F41-437D-82D2-F57B51B3059B}.Debug|Any CPU.Build.0 = Debug|Any CPU
		{605249A3-4F41-437D-82D2-F57B51B3059B}.Release|Any CPU.ActiveCfg = Release|Any CPU
		{605249A3-4F41-437D-82D2-F57B51B3059B}.Release|Any CPU.Build.0 = Release|Any CPU
		{FAFE09BA-06AE-400C-B75C-0664D78F9977}.Debug|Any CPU.ActiveCfg = Debug|Any CPU
		{FAFE09BA-06AE-400C-B75C-0664D78F9977}.Debug|Any CPU.Build.0 = Debug|Any CPU
		{FAFE09BA-06AE-400C-B75C-0664D78F9977}.Release|Any CPU.ActiveCfg = Release|Any CPU
		{FAFE09BA-06AE-400C-B75C-0664D78F9977}.Release|Any CPU.Build.0 = Release|Any CPU
		{74BA68F7-FAAC-469A-9BE1-085840BE68A7}.Debug|Any CPU.ActiveCfg = Debug|Any CPU
		{74BA68F7-FAAC-469A-9BE1-085840BE68A7}.Debug|Any CPU.Build.0 = Debug|Any CPU
		{74BA68F7-FAAC-469A-9BE1-085840BE68A7}.Release|Any CPU.ActiveCfg = Release|Any CPU
		{74BA68F7-FAAC-469A-9BE1-085840BE68A7}.Release|Any CPU.Build.0 = Release|Any CPU
		{61336587-DFD9-4E31-9FFE-206B80AEFBA2}.Debug|Any CPU.ActiveCfg = Debug|Any CPU
		{61336587-DFD9-4E31-9FFE-206B80AEFBA2}.Debug|Any CPU.Build.0 = Debug|Any CPU
		{61336587-DFD9-4E31-9FFE-206B80AEFBA2}.Release|Any CPU.ActiveCfg = Release|Any CPU
		{61336587-DFD9-4E31-9FFE-206B80AEFBA2}.Release|Any CPU.Build.0 = Release|Any CPU
		{5023C1D6-FA53-41BA-8915-4BEE2648325C}.Debug|Any CPU.ActiveCfg = Debug|Any CPU
		{5023C1D6-FA53-41BA-8915-4BEE2648325C}.Debug|Any CPU.Build.0 = Debug|Any CPU
		{5023C1D6-FA53-41BA-8915-4BEE2648325C}.Release|Any CPU.ActiveCfg = Release|Any CPU
		{5023C1D6-FA53-41BA-8915-4BEE2648325C}.Release|Any CPU.Build.0 = Release|Any CPU
		{DAE9A767-A932-4913-983B-B61D34E4F23E}.Debug|Any CPU.ActiveCfg = Debug|Any CPU
		{DAE9A767-A932-4913-983B-B61D34E4F23E}.Debug|Any CPU.Build.0 = Debug|Any CPU
		{DAE9A767-A932-4913-983B-B61D34E4F23E}.Release|Any CPU.ActiveCfg = Release|Any CPU
		{DAE9A767-A932-4913-983B-B61D34E4F23E}.Release|Any CPU.Build.0 = Release|Any CPU
		{BA1EA621-10B5-4A94-8429-E6EA7BB09A50}.Debug|Any CPU.ActiveCfg = Debug|Any CPU
		{BA1EA621-10B5-4A94-8429-E6EA7BB09A50}.Debug|Any CPU.Build.0 = Debug|Any CPU
		{BA1EA621-10B5-4A94-8429-E6EA7BB09A50}.Release|Any CPU.ActiveCfg = Release|Any CPU
		{BA1EA621-10B5-4A94-8429-E6EA7BB09A50}.Release|Any CPU.Build.0 = Release|Any CPU
		{52F5D4AE-5EB6-4EC6-9D79-89BDAE866AF6}.Debug|Any CPU.ActiveCfg = Debug|Any CPU
		{52F5D4AE-5EB6-4EC6-9D79-89BDAE866AF6}.Debug|Any CPU.Build.0 = Debug|Any CPU
		{52F5D4AE-5EB6-4EC6-9D79-89BDAE866AF6}.Release|Any CPU.ActiveCfg = Release|Any CPU
		{52F5D4AE-5EB6-4EC6-9D79-89BDAE866AF6}.Release|Any CPU.Build.0 = Release|Any CPU
		{BD0FF4EA-F7F0-403F-B44F-D1C17FB8C5EF}.Debug|Any CPU.ActiveCfg = Debug|Any CPU
		{BD0FF4EA-F7F0-403F-B44F-D1C17FB8C5EF}.Debug|Any CPU.Build.0 = Debug|Any CPU
		{BD0FF4EA-F7F0-403F-B44F-D1C17FB8C5EF}.Release|Any CPU.ActiveCfg = Release|Any CPU
		{BD0FF4EA-F7F0-403F-B44F-D1C17FB8C5EF}.Release|Any CPU.Build.0 = Release|Any CPU
		{32375F9C-9077-4CB6-8ECC-858F26E13D04}.Debug|Any CPU.ActiveCfg = Debug|Any CPU
		{32375F9C-9077-4CB6-8ECC-858F26E13D04}.Debug|Any CPU.Build.0 = Debug|Any CPU
		{32375F9C-9077-4CB6-8ECC-858F26E13D04}.Release|Any CPU.ActiveCfg = Release|Any CPU
		{32375F9C-9077-4CB6-8ECC-858F26E13D04}.Release|Any CPU.Build.0 = Release|Any CPU
		{5F85A716-A772-4110-AA4A-6558971878C3}.Debug|Any CPU.ActiveCfg = Debug|Any CPU
		{5F85A716-A772-4110-AA4A-6558971878C3}.Debug|Any CPU.Build.0 = Debug|Any CPU
		{5F85A716-A772-4110-AA4A-6558971878C3}.Release|Any CPU.ActiveCfg = Release|Any CPU
		{5F85A716-A772-4110-AA4A-6558971878C3}.Release|Any CPU.Build.0 = Release|Any CPU
		{1CF9A3A1-6456-4CFD-AFFD-313AE4B557AF}.Debug|Any CPU.ActiveCfg = Debug|Any CPU
		{1CF9A3A1-6456-4CFD-AFFD-313AE4B557AF}.Debug|Any CPU.Build.0 = Debug|Any CPU
		{1CF9A3A1-6456-4CFD-AFFD-313AE4B557AF}.Release|Any CPU.ActiveCfg = Release|Any CPU
		{1CF9A3A1-6456-4CFD-AFFD-313AE4B557AF}.Release|Any CPU.Build.0 = Release|Any CPU
		{2E3174FB-4CF5-4947-B3FF-AAF87C6AFE21}.Debug|Any CPU.ActiveCfg = Debug|Any CPU
		{2E3174FB-4CF5-4947-B3FF-AAF87C6AFE21}.Debug|Any CPU.Build.0 = Debug|Any CPU
		{2E3174FB-4CF5-4947-B3FF-AAF87C6AFE21}.Release|Any CPU.ActiveCfg = Release|Any CPU
		{2E3174FB-4CF5-4947-B3FF-AAF87C6AFE21}.Release|Any CPU.Build.0 = Release|Any CPU
		{99B020AD-6135-43E0-9725-CCAC1446FFD8}.Debug|Any CPU.ActiveCfg = Debug|Any CPU
		{99B020AD-6135-43E0-9725-CCAC1446FFD8}.Debug|Any CPU.Build.0 = Debug|Any CPU
		{99B020AD-6135-43E0-9725-CCAC1446FFD8}.Release|Any CPU.ActiveCfg = Release|Any CPU
		{99B020AD-6135-43E0-9725-CCAC1446FFD8}.Release|Any CPU.Build.0 = Release|Any CPU
		{DE9F4017-7550-4463-86DD-54DEC0B8A4B7}.Debug|Any CPU.ActiveCfg = Debug|Any CPU
		{DE9F4017-7550-4463-86DD-54DEC0B8A4B7}.Debug|Any CPU.Build.0 = Debug|Any CPU
		{DE9F4017-7550-4463-86DD-54DEC0B8A4B7}.Release|Any CPU.ActiveCfg = Release|Any CPU
		{DE9F4017-7550-4463-86DD-54DEC0B8A4B7}.Release|Any CPU.Build.0 = Release|Any CPU
		{A8C1ED8E-AC27-444C-B1CC-8B834B640CDC}.Debug|Any CPU.ActiveCfg = Debug|Any CPU
		{A8C1ED8E-AC27-444C-B1CC-8B834B640CDC}.Debug|Any CPU.Build.0 = Debug|Any CPU
		{A8C1ED8E-AC27-444C-B1CC-8B834B640CDC}.Release|Any CPU.ActiveCfg = Release|Any CPU
		{A8C1ED8E-AC27-444C-B1CC-8B834B640CDC}.Release|Any CPU.Build.0 = Release|Any CPU
		{2C935123-B48E-439B-A19B-FF83A9D618A7}.Debug|Any CPU.ActiveCfg = Debug|Any CPU
		{2C935123-B48E-439B-A19B-FF83A9D618A7}.Debug|Any CPU.Build.0 = Debug|Any CPU
		{2C935123-B48E-439B-A19B-FF83A9D618A7}.Release|Any CPU.ActiveCfg = Release|Any CPU
		{2C935123-B48E-439B-A19B-FF83A9D618A7}.Release|Any CPU.Build.0 = Release|Any CPU
	EndGlobalSection
	GlobalSection(SolutionProperties) = preSolution
		HideSolutionNode = FALSE
	EndGlobalSection
	GlobalSection(NestedProjects) = preSolution
		{8C8A0F83-68C4-4466-9796-2DAF11C3F933} = {02EA681E-C7D8-13C7-8484-4AC65E1B71E8}
		{5DE2C905-1D50-4EBF-BCAD-CEDF28049F2C} = {02EA681E-C7D8-13C7-8484-4AC65E1B71E8}
		{069229C7-1B4D-4D80-B4B3-84226CCD8DBA} = {02EA681E-C7D8-13C7-8484-4AC65E1B71E8}
		{43393C3B-1628-4FB8-80BC-062F88B84661} = {FF70CD52-FD03-4D84-988E-4AD0F630B045}
		{FD77EF87-BEE6-48B4-84AB-2182B5E28172} = {FF70CD52-FD03-4D84-988E-4AD0F630B045}
		{3C182D02-85E7-47AD-8559-6F09C77080CC} = {FF70CD52-FD03-4D84-988E-4AD0F630B045}
		{90DCAE80-3BC4-42A8-874F-2C0914DD6A11} = {621D4C2E-1FE6-4BE6-B94C-F657DF331F0E}
		{605249A3-4F41-437D-82D2-F57B51B3059B} = {621D4C2E-1FE6-4BE6-B94C-F657DF331F0E}
		{FAFE09BA-06AE-400C-B75C-0664D78F9977} = {621D4C2E-1FE6-4BE6-B94C-F657DF331F0E}
		{74BA68F7-FAAC-469A-9BE1-085840BE68A7} = {0FEDD89A-4ED6-4386-8D60-D2F0D98859CE}
		{61336587-DFD9-4E31-9FFE-206B80AEFBA2} = {0FEDD89A-4ED6-4386-8D60-D2F0D98859CE}
		{5023C1D6-FA53-41BA-8915-4BEE2648325C} = {0FEDD89A-4ED6-4386-8D60-D2F0D98859CE}
		{DAE9A767-A932-4913-983B-B61D34E4F23E} = {0686D3A0-FE0B-49FF-99F7-050A05A50B48}
		{BA1EA621-10B5-4A94-8429-E6EA7BB09A50} = {0686D3A0-FE0B-49FF-99F7-050A05A50B48}
		{52F5D4AE-5EB6-4EC6-9D79-89BDAE866AF6} = {0686D3A0-FE0B-49FF-99F7-050A05A50B48}
		{BD0FF4EA-F7F0-403F-B44F-D1C17FB8C5EF} = {EAE1F8A3-2733-4C44-A942-97AD7A510CA5}
		{32375F9C-9077-4CB6-8ECC-858F26E13D04} = {EAE1F8A3-2733-4C44-A942-97AD7A510CA5}
		{5F85A716-A772-4110-AA4A-6558971878C3} = {EAE1F8A3-2733-4C44-A942-97AD7A510CA5}
		{1CF9A3A1-6456-4CFD-AFFD-313AE4B557AF} = {2B006B3A-12F8-4E0F-ADED-F2153F6D4693}
		{2E3174FB-4CF5-4947-B3FF-AAF87C6AFE21} = {2B006B3A-12F8-4E0F-ADED-F2153F6D4693}
		{99B020AD-6135-43E0-9725-CCAC1446FFD8} = {2B006B3A-12F8-4E0F-ADED-F2153F6D4693}
		{DE9F4017-7550-4463-86DD-54DEC0B8A4B7} = {7AFEA613-EFC3-4548-91AF-FD0C58DC9F93}
		{A8C1ED8E-AC27-444C-B1CC-8B834B640CDC} = {7AFEA613-EFC3-4548-91AF-FD0C58DC9F93}
		{2C935123-B48E-439B-A19B-FF83A9D618A7} = {7AFEA613-EFC3-4548-91AF-FD0C58DC9F93}
	EndGlobalSection
	GlobalSection(ExtensibilityGlobals) = postSolution
		SolutionGuid = {6AD9CB20-9442-446D-B477-ED1E7D5611E3}
	EndGlobalSection
EndGlobal
